
Microsoft Visual Studio Solution File, Format Version 12.00
# Visual Studio Version 17
VisualStudioVersion = 17.0.31903.59
MinimumVisualStudioVersion = 10.0.40219.1
Project("{FAE04EC0-301F-11D3-BF4B-00C04F79EFBC}") = "API", "API\API.csproj", "{654730EC-04CA-4DBD-8445-AD3F22C16C2D}"
EndProject
Project("{FAE04EC0-301F-11D3-BF4B-00C04F79EFBC}") = "Core", "Core\Core.csproj", "{18DDDB1E-58A1-4F4A-8F7A-E72F48D611EE}"
EndProject
Project("{FAE04EC0-301F-11D3-BF4B-00C04F79EFBC}") = "Infrastructure", "Infrastructure\Infrastructure.csproj", "{27C6E247-5F30-4ED8-8605-EB999C70A8B0}"
EndProject
Global
	GlobalSection(SolutionConfigurationPlatforms) = preSolution
		Debug|Any CPU = Debug|Any CPU
		Release|Any CPU = Release|Any CPU
	EndGlobalSection
	GlobalSection(SolutionProperties) = preSolution
		HideSolutionNode = FALSE
	EndGlobalSection
	GlobalSection(ProjectConfigurationPlatforms) = postSolution
		{654730EC-04CA-4DBD-8445-AD3F22C16C2D}.Debug|Any CPU.ActiveCfg = Debug|Any CPU
		{654730EC-04CA-4DBD-8445-AD3F22C16C2D}.Debug|Any CPU.Build.0 = Debug|Any CPU
		{654730EC-04CA-4DBD-8445-AD3F22C16C2D}.Release|Any CPU.ActiveCfg = Release|Any CPU
		{654730EC-04CA-4DBD-8445-AD3F22C16C2D}.Release|Any CPU.Build.0 = Release|Any CPU
		{18DDDB1E-58A1-4F4A-8F7A-E72F48D611EE}.Debug|Any CPU.ActiveCfg = Debug|Any CPU
		{18DDDB1E-58A1-4F4A-8F7A-E72F48D611EE}.Debug|Any CPU.Build.0 = Debug|Any CPU
		{18DDDB1E-58A1-4F4A-8F7A-E72F48D611EE}.Release|Any CPU.ActiveCfg = Release|Any CPU
		{18DDDB1E-58A1-4F4A-8F7A-E72F48D611EE}.Release|Any CPU.Build.0 = Release|Any CPU
		{27C6E247-5F30-4ED8-8605-EB999C70A8B0}.Debug|Any CPU.ActiveCfg = Debug|Any CPU
		{27C6E247-5F30-4ED8-8605-EB999C70A8B0}.Debug|Any CPU.Build.0 = Debug|Any CPU
		{27C6E247-5F30-4ED8-8605-EB999C70A8B0}.Release|Any CPU.ActiveCfg = Release|Any CPU
		{27C6E247-5F30-4ED8-8605-EB999C70A8B0}.Release|Any CPU.Build.0 = Release|Any CPU
	EndGlobalSection
EndGlobal
